// !$*UTF8*$!
{
	archiveVersion = 1;
	classes = {
	};
	objectVersion = 55;
	objects = {

/* Begin PBXBuildFile section */
		473F3F9A27EC77E100D94797 /* AppDelegate.swift in Sources */ = {isa = PBXBuildFile; fileRef = 473F3F9927EC77E100D94797 /* AppDelegate.swift */; };
		473F3F9C27EC77E100D94797 /* SceneDelegate.swift in Sources */ = {isa = PBXBuildFile; fileRef = 473F3F9B27EC77E100D94797 /* SceneDelegate.swift */; };
		473F3F9E27EC77E100D94797 /* ViewController.swift in Sources */ = {isa = PBXBuildFile; fileRef = 473F3F9D27EC77E100D94797 /* ViewController.swift */; };
		473F3FA127EC77E100D94797 /* Main.storyboard in Resources */ = {isa = PBXBuildFile; fileRef = 473F3F9F27EC77E100D94797 /* Main.storyboard */; };
		473F3FA327EC77E200D94797 /* Assets.xcassets in Resources */ = {isa = PBXBuildFile; fileRef = 473F3FA227EC77E200D94797 /* Assets.xcassets */; };
		473F3FA627EC77E200D94797 /* LaunchScreen.storyboard in Resources */ = {isa = PBXBuildFile; fileRef = 473F3FA427EC77E200D94797 /* LaunchScreen.storyboard */; };
		473F3FCF27EC79F200D94797 /* Word.swift in Sources */ = {isa = PBXBuildFile; fileRef = 473F3FCE27EC79F200D94797 /* Word.swift */; };
		473F3FD227EC7A4300D94797 /* words.json in Resources */ = {isa = PBXBuildFile; fileRef = 473F3FD127EC7A4300D94797 /* words.json */; };
		473F3FD427ECCAD000D94797 /* WordsRepo.swift in Sources */ = {isa = PBXBuildFile; fileRef = 473F3FD327ECCAD000D94797 /* WordsRepo.swift */; };
		47BE58A327EE0A460075FA86 /* words.json in Resources */ = {isa = PBXBuildFile; fileRef = 47BE58A227EE0A460075FA86 /* words.json */; };
/* End PBXBuildFile section */

/* Begin PBXContainerItemProxy section */
		473F3FAD27EC77E200D94797 /* PBXContainerItemProxy */ = {
			isa = PBXContainerItemProxy;
			containerPortal = 473F3F8E27EC77E100D94797 /* Project object */;
			proxyType = 1;
			remoteGlobalIDString = 473F3F9527EC77E100D94797;
			remoteInfo = FallingWords;
		};
		473F3FB727EC77E200D94797 /* PBXContainerItemProxy */ = {
			isa = PBXContainerItemProxy;
			containerPortal = 473F3F8E27EC77E100D94797 /* Project object */;
			proxyType = 1;
			remoteGlobalIDString = 473F3F9527EC77E100D94797;
			remoteInfo = FallingWords;
		};
/* End PBXContainerItemProxy section */

/* Begin PBXFileReference section */
		473F3F9627EC77E100D94797 /* FallingWords.app */ = {isa = PBXFileReference; explicitFileType = wrapper.application; includeInIndex = 0; path = FallingWords.app; sourceTree = BUILT_PRODUCTS_DIR; };
		473F3F9927EC77E100D94797 /* AppDelegate.swift */ = {isa = PBXFileReference; lastKnownFileType = sourcecode.swift; path = AppDelegate.swift; sourceTree = "<group>"; };
		473F3F9B27EC77E100D94797 /* SceneDelegate.swift */ = {isa = PBXFileReference; lastKnownFileType = sourcecode.swift; path = SceneDelegate.swift; sourceTree = "<group>"; };
		473F3F9D27EC77E100D94797 /* ViewController.swift */ = {isa = PBXFileReference; lastKnownFileType = sourcecode.swift; path = ViewController.swift; sourceTree = "<group>"; };
		473F3FA027EC77E100D94797 /* Base */ = {isa = PBXFileReference; lastKnownFileType = file.storyboard; name = Base; path = Base.lproj/Main.storyboard; sourceTree = "<group>"; };
		473F3FA227EC77E200D94797 /* Assets.xcassets */ = {isa = PBXFileReference; lastKnownFileType = folder.assetcatalog; path = Assets.xcassets; sourceTree = "<group>"; };
		473F3FA527EC77E200D94797 /* Base */ = {isa = PBXFileReference; lastKnownFileType = file.storyboard; name = Base; path = Base.lproj/LaunchScreen.storyboard; sourceTree = "<group>"; };
		473F3FA727EC77E200D94797 /* Info.plist */ = {isa = PBXFileReference; lastKnownFileType = text.plist.xml; path = Info.plist; sourceTree = "<group>"; };
		473F3FAC27EC77E200D94797 /* FallingWordsTests.xctest */ = {isa = PBXFileReference; explicitFileType = wrapper.cfbundle; includeInIndex = 0; path = FallingWordsTests.xctest; sourceTree = BUILT_PRODUCTS_DIR; };
		473F3FB627EC77E200D94797 /* FallingWordsUITests.xctest */ = {isa = PBXFileReference; explicitFileType = wrapper.cfbundle; includeInIndex = 0; path = FallingWordsUITests.xctest; sourceTree = BUILT_PRODUCTS_DIR; };
		473F3FCE27EC79F200D94797 /* Word.swift */ = {isa = PBXFileReference; lastKnownFileType = sourcecode.swift; path = Word.swift; sourceTree = "<group>"; };
		473F3FD127EC7A4300D94797 /* words.json */ = {isa = PBXFileReference; fileEncoding = 4; lastKnownFileType = text.json; path = words.json; sourceTree = "<group>"; };
		473F3FD327ECCAD000D94797 /* WordsRepo.swift */ = {isa = PBXFileReference; lastKnownFileType = sourcecode.swift; path = WordsRepo.swift; sourceTree = "<group>"; };
		47BE58A227EE0A460075FA86 /* words.json */ = {isa = PBXFileReference; fileEncoding = 4; lastKnownFileType = text.json; path = words.json; sourceTree = "<group>"; };
/* End PBXFileReference section */

/* Begin PBXFrameworksBuildPhase section */
		473F3F9327EC77E100D94797 /* Frameworks */ = {
			isa = PBXFrameworksBuildPhase;
			buildActionMask = 2147483647;
			files = (
			);
			runOnlyForDeploymentPostprocessing = 0;
		};
		473F3FA927EC77E200D94797 /* Frameworks */ = {
			isa = PBXFrameworksBuildPhase;
			buildActionMask = 2147483647;
			files = (
			);
			runOnlyForDeploymentPostprocessing = 0;
		};
		473F3FB327EC77E200D94797 /* Frameworks */ = {
			isa = PBXFrameworksBuildPhase;
			buildActionMask = 2147483647;
			files = (
			);
			runOnlyForDeploymentPostprocessing = 0;
		};
/* End PBXFrameworksBuildPhase section */

/* Begin PBXGroup section */
		472A95D027EDBB400096726B /* GameRepo */ = {
			isa = PBXGroup;
			children = (
				473F3FD327ECCAD000D94797 /* WordsRepo.swift */,
			);
			path = GameRepo;
			sourceTree = "<group>";
		};
		473F3F8D27EC77E100D94797 = {
			isa = PBXGroup;
			children = (
				473F3F9827EC77E100D94797 /* FallingWords */,
				473F3FAF27EC77E200D94797 /* FallingWordsTests */,
				473F3F9727EC77E100D94797 /* Products */,
			);
			sourceTree = "<group>";
		};
		473F3F9727EC77E100D94797 /* Products */ = {
			isa = PBXGroup;
			children = (
				473F3F9627EC77E100D94797 /* FallingWords.app */,
				473F3FAC27EC77E200D94797 /* FallingWordsTests.xctest */,
				473F3FB627EC77E200D94797 /* FallingWordsUITests.xctest */,
			);
			name = Products;
			sourceTree = "<group>";
		};
		473F3F9827EC77E100D94797 /* FallingWords */ = {
			isa = PBXGroup;
			children = (
				473F3F9927EC77E100D94797 /* AppDelegate.swift */,
				473F3F9B27EC77E100D94797 /* SceneDelegate.swift */,
				473F3FC927EC79C400D94797 /* Game */,
				472A95D027EDBB400096726B /* GameRepo */,
				473F3FD027EC79FD00D94797 /* Resources */,
				473F3F9D27EC77E100D94797 /* ViewController.swift */,
				473F3F9F27EC77E100D94797 /* Main.storyboard */,
				473F3FA227EC77E200D94797 /* Assets.xcassets */,
				473F3FA427EC77E200D94797 /* LaunchScreen.storyboard */,
				473F3FA727EC77E200D94797 /* Info.plist */,
			);
			path = FallingWords;
			sourceTree = "<group>";
		};
		473F3FAF27EC77E200D94797 /* FallingWordsTests */ = {
			isa = PBXGroup;
			children = (
				47BE58A227EE0A460075FA86 /* words.json */,
			);
			path = FallingWordsTests;
			sourceTree = "<group>";
		};
		473F3FC927EC79C400D94797 /* Game */ = {
			isa = PBXGroup;
			children = (
				473F3FCE27EC79F200D94797 /* Word.swift */,
			);
			path = Game;
			sourceTree = "<group>";
		};
		473F3FD027EC79FD00D94797 /* Resources */ = {
			isa = PBXGroup;
			children = (
				473F3FD127EC7A4300D94797 /* words.json */,
			);
			path = Resources;
			sourceTree = "<group>";
		};
/* End PBXGroup section */

/* Begin PBXNativeTarget section */
		473F3F9527EC77E100D94797 /* FallingWords */ = {
			isa = PBXNativeTarget;
			buildConfigurationList = 473F3FC027EC77E200D94797 /* Build configuration list for PBXNativeTarget "FallingWords" */;
			buildPhases = (
				473F3F9227EC77E100D94797 /* Sources */,
				473F3F9327EC77E100D94797 /* Frameworks */,
				473F3F9427EC77E100D94797 /* Resources */,
			);
			buildRules = (
			);
			dependencies = (
			);
			name = FallingWords;
			productName = FallingWords;
			productReference = 473F3F9627EC77E100D94797 /* FallingWords.app */;
			productType = "com.apple.product-type.application";
		};
		473F3FAB27EC77E200D94797 /* FallingWordsTests */ = {
			isa = PBXNativeTarget;
			buildConfigurationList = 473F3FC327EC77E200D94797 /* Build configuration list for PBXNativeTarget "FallingWordsTests" */;
			buildPhases = (
				473F3FA827EC77E200D94797 /* Sources */,
				473F3FA927EC77E200D94797 /* Frameworks */,
				473F3FAA27EC77E200D94797 /* Resources */,
			);
			buildRules = (
			);
			dependencies = (
				473F3FAE27EC77E200D94797 /* PBXTargetDependency */,
			);
			name = FallingWordsTests;
			productName = FallingWordsTests;
			productReference = 473F3FAC27EC77E200D94797 /* FallingWordsTests.xctest */;
			productType = "com.apple.product-type.bundle.unit-test";
		};
		473F3FB527EC77E200D94797 /* FallingWordsUITests */ = {
			isa = PBXNativeTarget;
			buildConfigurationList = 473F3FC627EC77E200D94797 /* Build configuration list for PBXNativeTarget "FallingWordsUITests" */;
			buildPhases = (
				473F3FB227EC77E200D94797 /* Sources */,
				473F3FB327EC77E200D94797 /* Frameworks */,
				473F3FB427EC77E200D94797 /* Resources */,
			);
			buildRules = (
			);
			dependencies = (
				473F3FB827EC77E200D94797 /* PBXTargetDependency */,
			);
			name = FallingWordsUITests;
			productName = FallingWordsUITests;
			productReference = 473F3FB627EC77E200D94797 /* FallingWordsUITests.xctest */;
			productType = "com.apple.product-type.bundle.ui-testing";
		};
/* End PBXNativeTarget section */

/* Begin PBXProject section */
		473F3F8E27EC77E100D94797 /* Project object */ = {
			isa = PBXProject;
			attributes = {
				BuildIndependentTargetsInParallel = 1;
				LastSwiftUpdateCheck = 1310;
				LastUpgradeCheck = 1310;
				TargetAttributes = {
					473F3F9527EC77E100D94797 = {
						CreatedOnToolsVersion = 13.1;
					};
					473F3FAB27EC77E200D94797 = {
						CreatedOnToolsVersion = 13.1;
						TestTargetID = 473F3F9527EC77E100D94797;
					};
					473F3FB527EC77E200D94797 = {
						CreatedOnToolsVersion = 13.1;
						TestTargetID = 473F3F9527EC77E100D94797;
					};
				};
			};
			buildConfigurationList = 473F3F9127EC77E100D94797 /* Build configuration list for PBXProject "FallingWords" */;
			compatibilityVersion = "Xcode 13.0";
			developmentRegion = en;
			hasScannedForEncodings = 0;
			knownRegions = (
				en,
				Base,
			);
			mainGroup = 473F3F8D27EC77E100D94797;
			productRefGroup = 473F3F9727EC77E100D94797 /* Products */;
			projectDirPath = "";
			projectRoot = "";
			targets = (
				473F3F9527EC77E100D94797 /* FallingWords */,
				473F3FAB27EC77E200D94797 /* FallingWordsTests */,
				473F3FB527EC77E200D94797 /* FallingWordsUITests */,
			);
		};
/* End PBXProject section */

/* Begin PBXResourcesBuildPhase section */
		473F3F9427EC77E100D94797 /* Resources */ = {
			isa = PBXResourcesBuildPhase;
			buildActionMask = 2147483647;
			files = (
				473F3FA627EC77E200D94797 /* LaunchScreen.storyboard in Resources */,
				473F3FD227EC7A4300D94797 /* words.json in Resources */,
				473F3FA327EC77E200D94797 /* Assets.xcassets in Resources */,
				473F3FA127EC77E100D94797 /* Main.storyboard in Resources */,
			);
			runOnlyForDeploymentPostprocessing = 0;
		};
		473F3FAA27EC77E200D94797 /* Resources */ = {
			isa = PBXResourcesBuildPhase;
			buildActionMask = 2147483647;
			files = (
				47BE58A327EE0A460075FA86 /* words.json in Resources */,
			);
			runOnlyForDeploymentPostprocessing = 0;
		};
		473F3FB427EC77E200D94797 /* Resources */ = {
			isa = PBXResourcesBuildPhase;
			buildActionMask = 2147483647;
			files = (
			);
			runOnlyForDeploymentPostprocessing = 0;
		};
/* End PBXResourcesBuildPhase section */

/* Begin PBXSourcesBuildPhase section */
		473F3F9227EC77E100D94797 /* Sources */ = {
			isa = PBXSourcesBuildPhase;
			buildActionMask = 2147483647;
			files = (
				473F3F9E27EC77E100D94797 /* ViewController.swift in Sources */,
				473F3F9A27EC77E100D94797 /* AppDelegate.swift in Sources */,
				473F3F9C27EC77E100D94797 /* SceneDelegate.swift in Sources */,
				473F3FD427ECCAD000D94797 /* WordsRepo.swift in Sources */,
				473F3FCF27EC79F200D94797 /* Word.swift in Sources */,
			);
			runOnlyForDeploymentPostprocessing = 0;
		};
		473F3FA827EC77E200D94797 /* Sources */ = {
			isa = PBXSourcesBuildPhase;
			buildActionMask = 2147483647;
			files = (
			);
			runOnlyForDeploymentPostprocessing = 0;
		};
		473F3FB227EC77E200D94797 /* Sources */ = {
			isa = PBXSourcesBuildPhase;
			buildActionMask = 2147483647;
			files = (
			);
			runOnlyForDeploymentPostprocessing = 0;
		};
/* End PBXSourcesBuildPhase section */

/* Begin PBXTargetDependency section */
		473F3FAE27EC77E200D94797 /* PBXTargetDependency */ = {
			isa = PBXTargetDependency;
			target = 473F3F9527EC77E100D94797 /* FallingWords */;
			targetProxy = 473F3FAD27EC77E200D94797 /* PBXContainerItemProxy */;
		};
		473F3FB827EC77E200D94797 /* PBXTargetDependency */ = {
			isa = PBXTargetDependency;
			target = 473F3F9527EC77E100D94797 /* FallingWords */;
			targetProxy = 473F3FB727EC77E200D94797 /* PBXContainerItemProxy */;
		};
/* End PBXTargetDependency section */

/* Begin PBXVariantGroup section */
		473F3F9F27EC77E100D94797 /* Main.storyboard */ = {
			isa = PBXVariantGroup;
			children = (
				473F3FA027EC77E100D94797 /* Base */,
			);
			name = Main.storyboard;
			sourceTree = "<group>";
		};
		473F3FA427EC77E200D94797 /* LaunchScreen.storyboard */ = {
			isa = PBXVariantGroup;
			children = (
				473F3FA527EC77E200D94797 /* Base */,
			);
			name = LaunchScreen.storyboard;
			sourceTree = "<group>";
		};
/* End PBXVariantGroup section */

/* Begin XCBuildConfiguration section */
		473F3FBE27EC77E200D94797 /* Debug */ = {
			isa = XCBuildConfiguration;
			buildSettings = {
				ALWAYS_SEARCH_USER_PATHS = NO;
				CLANG_ANALYZER_NONNULL = YES;
				CLANG_ANALYZER_NUMBER_OBJECT_CONVERSION = YES_AGGRESSIVE;
				CLANG_CXX_LANGUAGE_STANDARD = "gnu++17";
				CLANG_CXX_LIBRARY = "libc++";
				CLANG_ENABLE_MODULES = YES;
				CLANG_ENABLE_OBJC_ARC = YES;
				CLANG_ENABLE_OBJC_WEAK = YES;
				CLANG_WARN_BLOCK_CAPTURE_AUTORELEASING = YES;
				CLANG_WARN_BOOL_CONVERSION = YES;
				CLANG_WARN_COMMA = YES;
				CLANG_WARN_CONSTANT_CONVERSION = YES;
				CLANG_WARN_DEPRECATED_OBJC_IMPLEMENTATIONS = YES;
				CLANG_WARN_DIRECT_OBJC_ISA_USAGE = YES_ERROR;
				CLANG_WARN_DOCUMENTATION_COMMENTS = YES;
				CLANG_WARN_EMPTY_BODY = YES;
				CLANG_WARN_ENUM_CONVERSION = YES;
				CLANG_WARN_INFINITE_RECURSION = YES;
				CLANG_WARN_INT_CONVERSION = YES;
				CLANG_WARN_NON_LITERAL_NULL_CONVERSION = YES;
				CLANG_WARN_OBJC_IMPLICIT_RETAIN_SELF = YES;
				CLANG_WARN_OBJC_LITERAL_CONVERSION = YES;
				CLANG_WARN_OBJC_ROOT_CLASS = YES_ERROR;
				CLANG_WARN_QUOTED_INCLUDE_IN_FRAMEWORK_HEADER = YES;
				CLANG_WARN_RANGE_LOOP_ANALYSIS = YES;
				CLANG_WARN_STRICT_PROTOTYPES = YES;
				CLANG_WARN_SUSPICIOUS_MOVE = YES;
				CLANG_WARN_UNGUARDED_AVAILABILITY = YES_AGGRESSIVE;
				CLANG_WARN_UNREACHABLE_CODE = YES;
				CLANG_WARN__DUPLICATE_METHOD_MATCH = YES;
				COPY_PHASE_STRIP = NO;
				DEBUG_INFORMATION_FORMAT = dwarf;
				ENABLE_STRICT_OBJC_MSGSEND = YES;
				ENABLE_TESTABILITY = YES;
				GCC_C_LANGUAGE_STANDARD = gnu11;
				GCC_DYNAMIC_NO_PIC = NO;
				GCC_NO_COMMON_BLOCKS = YES;
				GCC_OPTIMIZATION_LEVEL = 0;
				GCC_PREPROCESSOR_DEFINITIONS = (
					"DEBUG=1",
					"$(inherited)",
				);
				GCC_WARN_64_TO_32_BIT_CONVERSION = YES;
				GCC_WARN_ABOUT_RETURN_TYPE = YES_ERROR;
				GCC_WARN_UNDECLARED_SELECTOR = YES;
				GCC_WARN_UNINITIALIZED_AUTOS = YES_AGGRESSIVE;
				GCC_WARN_UNUSED_FUNCTION = YES;
				GCC_WARN_UNUSED_VARIABLE = YES;
				IPHONEOS_DEPLOYMENT_TARGET = 15.0;
				MTL_ENABLE_DEBUG_INFO = INCLUDE_SOURCE;
				MTL_FAST_MATH = YES;
				ONLY_ACTIVE_ARCH = YES;
				SDKROOT = iphoneos;
				SWIFT_ACTIVE_COMPILATION_CONDITIONS = DEBUG;
				SWIFT_OPTIMIZATION_LEVEL = "-Onone";
			};
			name = Debug;
		};
		473F3FBF27EC77E200D94797 /* Release */ = {
			isa = XCBuildConfiguration;
			buildSettings = {
				ALWAYS_SEARCH_USER_PATHS = NO;
				CLANG_ANALYZER_NONNULL = YES;
				CLANG_ANALYZER_NUMBER_OBJECT_CONVERSION = YES_AGGRESSIVE;
				CLANG_CXX_LANGUAGE_STANDARD = "gnu++17";
				CLANG_CXX_LIBRARY = "libc++";
				CLANG_ENABLE_MODULES = YES;
				CLANG_ENABLE_OBJC_ARC = YES;
				CLANG_ENABLE_OBJC_WEAK = YES;
				CLANG_WARN_BLOCK_CAPTURE_AUTORELEASING = YES;
				CLANG_WARN_BOOL_CONVERSION = YES;
				CLANG_WARN_COMMA = YES;
				CLANG_WARN_CONSTANT_CONVERSION = YES;
				CLANG_WARN_DEPRECATED_OBJC_IMPLEMENTATIONS = YES;
				CLANG_WARN_DIRECT_OBJC_ISA_USAGE = YES_ERROR;
				CLANG_WARN_DOCUMENTATION_COMMENTS = YES;
				CLANG_WARN_EMPTY_BODY = YES;
				CLANG_WARN_ENUM_CONVERSION = YES;
				CLANG_WARN_INFINITE_RECURSION = YES;
				CLANG_WARN_INT_CONVERSION = YES;
				CLANG_WARN_NON_LITERAL_NULL_CONVERSION = YES;
				CLANG_WARN_OBJC_IMPLICIT_RETAIN_SELF = YES;
				CLANG_WARN_OBJC_LITERAL_CONVERSION = YES;
				CLANG_WARN_OBJC_ROOT_CLASS = YES_ERROR;
				CLANG_WARN_QUOTED_INCLUDE_IN_FRAMEWORK_HEADER = YES;
				CLANG_WARN_RANGE_LOOP_ANALYSIS = YES;
				CLANG_WARN_STRICT_PROTOTYPES = YES;
				CLANG_WARN_SUSPICIOUS_MOVE = YES;
				CLANG_WARN_UNGUARDED_AVAILABILITY = YES_AGGRESSIVE;
				CLANG_WARN_UNREACHABLE_CODE = YES;
				CLANG_WARN__DUPLICATE_METHOD_MATCH = YES;
				COPY_PHASE_STRIP = NO;
				DEBUG_INFORMATION_FORMAT = "dwarf-with-dsym";
				ENABLE_NS_ASSERTIONS = NO;
				ENABLE_STRICT_OBJC_MSGSEND = YES;
				GCC_C_LANGUAGE_STANDARD = gnu11;
				GCC_NO_COMMON_BLOCKS = YES;
				GCC_WARN_64_TO_32_BIT_CONVERSION = YES;
				GCC_WARN_ABOUT_RETURN_TYPE = YES_ERROR;
				GCC_WARN_UNDECLARED_SELECTOR = YES;
				GCC_WARN_UNINITIALIZED_AUTOS = YES_AGGRESSIVE;
				GCC_WARN_UNUSED_FUNCTION = YES;
				GCC_WARN_UNUSED_VARIABLE = YES;
				IPHONEOS_DEPLOYMENT_TARGET = 15.0;
				MTL_ENABLE_DEBUG_INFO = NO;
				MTL_FAST_MATH = YES;
				SDKROOT = iphoneos;
				SWIFT_COMPILATION_MODE = wholemodule;
				SWIFT_OPTIMIZATION_LEVEL = "-O";
				VALIDATE_PRODUCT = YES;
			};
			name = Release;
		};
		473F3FC127EC77E200D94797 /* Debug */ = {
			isa = XCBuildConfiguration;
			buildSettings = {
				ASSETCATALOG_COMPILER_APPICON_NAME = AppIcon;
				ASSETCATALOG_COMPILER_GLOBAL_ACCENT_COLOR_NAME = AccentColor;
				CODE_SIGN_STYLE = Automatic;
				CURRENT_PROJECT_VERSION = 1;
				GENERATE_INFOPLIST_FILE = YES;
				INFOPLIST_FILE = FallingWords/Info.plist;
				INFOPLIST_KEY_UIApplicationSupportsIndirectInputEvents = YES;
				INFOPLIST_KEY_UILaunchStoryboardName = LaunchScreen;
				INFOPLIST_KEY_UIMainStoryboardFile = Main;
				INFOPLIST_KEY_UISupportedInterfaceOrientations_iPad = "UIInterfaceOrientationPortrait UIInterfaceOrientationPortraitUpsideDown UIInterfaceOrientationLandscapeLeft UIInterfaceOrientationLandscapeRight";
				INFOPLIST_KEY_UISupportedInterfaceOrientations_iPhone = "UIInterfaceOrientationPortrait UIInterfaceOrientationLandscapeLeft UIInterfaceOrientationLandscapeRight";
				LD_RUNPATH_SEARCH_PATHS = (
					"$(inherited)",
					"@executable_path/Frameworks",
				);
				MARKETING_VERSION = 1.0;
				PRODUCT_BUNDLE_IDENTIFIER = com.sample.FallingWords;
				PRODUCT_NAME = "$(TARGET_NAME)";
				SWIFT_EMIT_LOC_STRINGS = YES;
				SWIFT_VERSION = 5.0;
				TARGETED_DEVICE_FAMILY = "1,2";
			};
			name = Debug;
		};
		473F3FC227EC77E200D94797 /* Release */ = {
			isa = XCBuildConfiguration;
			buildSettings = {
				ASSETCATALOG_COMPILER_APPICON_NAME = AppIcon;
				ASSETCATALOG_COMPILER_GLOBAL_ACCENT_COLOR_NAME = AccentColor;
				CODE_SIGN_STYLE = Automatic;
				CURRENT_PROJECT_VERSION = 1;
				GENERATE_INFOPLIST_FILE = YES;
				INFOPLIST_FILE = FallingWords/Info.plist;
				INFOPLIST_KEY_UIApplicationSupportsIndirectInputEvents = YES;
				INFOPLIST_KEY_UILaunchStoryboardName = LaunchScreen;
				INFOPLIST_KEY_UIMainStoryboardFile = Main;
				INFOPLIST_KEY_UISupportedInterfaceOrientations_iPad = "UIInterfaceOrientationPortrait UIInterfaceOrientationPortraitUpsideDown UIInterfaceOrientationLandscapeLeft UIInterfaceOrientationLandscapeRight";
				INFOPLIST_KEY_UISupportedInterfaceOrientations_iPhone = "UIInterfaceOrientationPortrait UIInterfaceOrientationLandscapeLeft UIInterfaceOrientationLandscapeRight";
				LD_RUNPATH_SEARCH_PATHS = (
					"$(inherited)",
					"@executable_path/Frameworks",
				);
				MARKETING_VERSION = 1.0;
				PRODUCT_BUNDLE_IDENTIFIER = com.sample.FallingWords;
				PRODUCT_NAME = "$(TARGET_NAME)";
				SWIFT_EMIT_LOC_STRINGS = YES;
				SWIFT_VERSION = 5.0;
				TARGETED_DEVICE_FAMILY = "1,2";
			};
			name = Release;
		};
		473F3FC427EC77E200D94797 /* Debug */ = {
			isa = XCBuildConfiguration;
			buildSettings = {
				ALWAYS_EMBED_SWIFT_STANDARD_LIBRARIES = YES;
				BUNDLE_LOADER = "$(TEST_HOST)";
				CODE_SIGN_STYLE = Automatic;
				CURRENT_PROJECT_VERSION = 1;
				GENERATE_INFOPLIST_FILE = YES;
				IPHONEOS_DEPLOYMENT_TARGET = 15.0;
				LD_RUNPATH_SEARCH_PATHS = (
					"$(inherited)",
					"@executable_path/Frameworks",
					"@loader_path/Frameworks",
				);
				MARKETING_VERSION = 1.0;
				PRODUCT_BUNDLE_IDENTIFIER = com.sample.FallingWordsTests;
				PRODUCT_NAME = "$(TARGET_NAME)";
				SWIFT_EMIT_LOC_STRINGS = NO;
				SWIFT_VERSION = 5.0;
				TARGETED_DEVICE_FAMILY = "1,2";
				TEST_HOST = "$(BUILT_PRODUCTS_DIR)/FallingWords.app/FallingWords";
			};
			name = Debug;
		};
		473F3FC527EC77E200D94797 /* Release */ = {
			isa = XCBuildConfiguration;
			buildSettings = {
				ALWAYS_EMBED_SWIFT_STANDARD_LIBRARIES = YES;
				BUNDLE_LOADER = "$(TEST_HOST)";
				CODE_SIGN_STYLE = Automatic;
				CURRENT_PROJECT_VERSION = 1;
				GENERATE_INFOPLIST_FILE = YES;
				IPHONEOS_DEPLOYMENT_TARGET = 15.0;
				LD_RUNPATH_SEARCH_PATHS = (
					"$(inherited)",
					"@executable_path/Frameworks",
					"@loader_path/Frameworks",
				);
				MARKETING_VERSION = 1.0;
				PRODUCT_BUNDLE_IDENTIFIER = com.sample.FallingWordsTests;
				PRODUCT_NAME = "$(TARGET_NAME)";
				SWIFT_EMIT_LOC_STRINGS = NO;
				SWIFT_VERSION = 5.0;
				TARGETED_DEVICE_FAMILY = "1,2";
				TEST_HOST = "$(BUILT_PRODUCTS_DIR)/FallingWords.app/FallingWords";
			};
			name = Release;
		};
		473F3FC727EC77E200D94797 /* Debug */ = {
			isa = XCBuildConfiguration;
			buildSettings = {
				ALWAYS_EMBED_SWIFT_STANDARD_LIBRARIES = YES;
				CODE_SIGN_STYLE = Automatic;
				CURRENT_PROJECT_VERSION = 1;
				GENERATE_INFOPLIST_FILE = YES;
				LD_RUNPATH_SEARCH_PATHS = (
					"$(inherited)",
					"@executable_path/Frameworks",
					"@loader_path/Frameworks",
				);
				MARKETING_VERSION = 1.0;
				PRODUCT_BUNDLE_IDENTIFIER = com.sample.FallingWordsUITests;
				PRODUCT_NAME = "$(TARGET_NAME)";
				SWIFT_EMIT_LOC_STRINGS = NO;
				SWIFT_VERSION = 5.0;
				TARGETED_DEVICE_FAMILY = "1,2";
				TEST_TARGET_NAME = FallingWords;
			};
			name = Debug;
		};
		473F3FC827EC77E200D94797 /* Release */ = {
			isa = XCBuildConfiguration;
			buildSettings = {
				ALWAYS_EMBED_SWIFT_STANDARD_LIBRARIES = YES;
				CODE_SIGN_STYLE = Automatic;
				CURRENT_PROJECT_VERSION = 1;
				GENERATE_INFOPLIST_FILE = YES;
				LD_RUNPATH_SEARCH_PATHS = (
					"$(inherited)",
					"@executable_path/Frameworks",
					"@loader_path/Frameworks",
				);
				MARKETING_VERSION = 1.0;
				PRODUCT_BUNDLE_IDENTIFIER = com.sample.FallingWordsUITests;
				PRODUCT_NAME = "$(TARGET_NAME)";
				SWIFT_EMIT_LOC_STRINGS = NO;
				SWIFT_VERSION = 5.0;
				TARGETED_DEVICE_FAMILY = "1,2";
				TEST_TARGET_NAME = FallingWords;
			};
			name = Release;
		};
/* End XCBuildConfiguration section */

/* Begin XCConfigurationList section */
		473F3F9127EC77E100D94797 /* Build configuration list for PBXProject "FallingWords" */ = {
			isa = XCConfigurationList;
			buildConfigurations = (
				473F3FBE27EC77E200D94797 /* Debug */,
				473F3FBF27EC77E200D94797 /* Release */,
			);
			defaultConfigurationIsVisible = 0;
			defaultConfigurationName = Release;
		};
		473F3FC027EC77E200D94797 /* Build configuration list for PBXNativeTarget "FallingWords" */ = {
			isa = XCConfigurationList;
			buildConfigurations = (
				473F3FC127EC77E200D94797 /* Debug */,
				473F3FC227EC77E200D94797 /* Release */,
			);
			defaultConfigurationIsVisible = 0;
			defaultConfigurationName = Release;
		};
		473F3FC327EC77E200D94797 /* Build configuration list for PBXNativeTarget "FallingWordsTests" */ = {
			isa = XCConfigurationList;
			buildConfigurations = (
				473F3FC427EC77E200D94797 /* Debug */,
				473F3FC527EC77E200D94797 /* Release */,
			);
			defaultConfigurationIsVisible = 0;
			defaultConfigurationName = Release;
		};
		473F3FC627EC77E200D94797 /* Build configuration list for PBXNativeTarget "FallingWordsUITests" */ = {
			isa = XCConfigurationList;
			buildConfigurations = (
				473F3FC727EC77E200D94797 /* Debug */,
				473F3FC827EC77E200D94797 /* Release */,
			);
			defaultConfigurationIsVisible = 0;
			defaultConfigurationName = Release;
		};
/* End XCConfigurationList section */
	};
	rootObject = 473F3F8E27EC77E100D94797 /* Project object */;
}
